
Microsoft Visual Studio Solution File, Format Version 12.00
# Visual Studio Version 17
VisualStudioVersion = 17.11.35327.3
MinimumVisualStudioVersion = 10.0.40219.1
Project("{8BC9CEB8-8B4A-11D0-8D11-00A0C91BC942}") = "sakura_grep", "sakura_grep.vcxproj", "{FB410A0F-08D2-410C-B045-2C4B69B11078}"
EndProject
Global
	GlobalSection(SolutionConfigurationPlatforms) = preSolution
		Debug|x64 = Debug|x64
		Debug|x86 = Debug|x86
		Release|x64 = Release|x64
		Release|x86 = Release|x86
	EndGlobalSection
	GlobalSection(ProjectConfigurationPlatforms) = postSolution
		{FB410A0F-08D2-410C-B045-2C4B69B11078}.Debug|x64.ActiveCfg = Debug|x64
		{FB410A0F-08D2-410C-B045-2C4B69B11078}.Debug|x64.Build.0 = Debug|x64
		{FB410A0F-08D2-410C-B045-2C4B69B11078}.Debug|x86.ActiveCfg = Debug|Win32
		{FB410A0F-08D2-410C-B045-2C4B69B11078}.Debug|x86.Build.0 = Debug|Win32
		{FB410A0F-08D2-410C-B045-2C4B69B11078}.Release|x64.ActiveCfg = Release|x64
		{FB410A0F-08D2-410C-B045-2C4B69B11078}.Release|x64.Build.0 = Release|x64
		{FB410A0F-08D2-410C-B045-2C4B69B11078}.Release|x86.ActiveCfg = Release|Win32
		{FB410A0F-08D2-410C-B045-2C4B69B11078}.Release|x86.Build.0 = Release|Win32
	EndGlobalSection
	GlobalSection(SolutionProperties) = preSolution
		HideSolutionNode = FALSE
	EndGlobalSection
	GlobalSection(ExtensibilityGlobals) = postSolution
		SolutionGuid = {7DCB59F2-BE78-4CFD-897D-08AD14B6ACFF}
	EndGlobalSection
EndGlobal
